{
  "object": {
    "pins": [
      {
        "package": "swift-cmark-gfm",
        "repositoryURL": "https://github.com/stackotter/swift-cmark-gfm",
        "state": {
          "branch": null,
          "revision": "7ec44e7384793e507cf046336aef68586719a24e",
          "version": "1.0.2"
        }
      }
    ]
  },
  "version": 1
}
