{
  "object": {
    "pins": [
      {
        "package": "cmark",
        "repositoryURL": "https://github.com/brokenhandsio/cmark-gfm.git",
        "state": {
          "branch": null,
          "revision": "c25ea288d0eb50c5c1150e7fdda675d5e9b1b6bb",
          "version": "2.0.0"
        }
      }
    ]
  },
  "version": 1
}
