{
  "object": {
    "pins": [
      {
        "package": "swift-cmark-gfm",
        "repositoryURL": "https://github.com/stackotter/swift-cmark-gfm",
        "state": {
          "branch": null,
          "revision": "b9dbc8163ad979b16e680242f1c5143c31143a3f",
          "version": "1.0.0"
        }
      }
    ]
  },
  "version": 1
}
